
Microsoft Visual Studio Solution File, Format Version 12.00
# Visual Studio Version 17
VisualStudioVersion = 17.0.31903.59
MinimumVisualStudioVersion = 10.0.40219.1
Project("{2150E333-8FDC-42A3-9474-1A3956D46DE8}") = "src", "src", "{D305DF60-0333-4E54-ADCD-82F529559B86}"
EndProject
Project("{FAE04EC0-301F-11D3-BF4B-00C04F79EFBC}") = "BluetoothTransfer", "src\BluetoothTransfer\BluetoothTransfer.csproj", "{9A12031C-711F-4157-A6FC-091A7A8A5A0B}"
EndProject
Project("{FAE04EC0-301F-11D3-BF4B-00C04F79EFBC}") = "BluetoothTransfer.Cli", "src\BluetoothTransfer.Cli\BluetoothTransfer.Cli.csproj", "{27ED86A2-8E60-49DD-BF61-E8F15CCF77D0}"
EndProject
Project("{2150E333-8FDC-42A3-9474-1A3956D46DE8}") = "tests", "tests", "{728692F3-06D9-4664-B29D-CCADF6647C34}"
EndProject
Project("{FAE04EC0-301F-11D3-BF4B-00C04F79EFBC}") = "BluetoothTransfer.Tests", "tests\BluetoothTransfer.Tests\BluetoothTransfer.Tests.csproj", "{72DD3D82-365B-415E-BF41-EC615FFD144D}"
EndProject
Global
	GlobalSection(SolutionConfigurationPlatforms) = preSolution
		Debug|Any CPU = Debug|Any CPU
		Debug|x64 = Debug|x64
		Debug|x86 = Debug|x86
		Release|Any CPU = Release|Any CPU
		Release|x64 = Release|x64
		Release|x86 = Release|x86
	EndGlobalSection
	GlobalSection(ProjectConfigurationPlatforms) = postSolution
		{9A12031C-711F-4157-A6FC-091A7A8A5A0B}.Debug|Any CPU.ActiveCfg = Debug|Any CPU
		{9A12031C-711F-4157-A6FC-091A7A8A5A0B}.Debug|Any CPU.Build.0 = Debug|Any CPU
		{9A12031C-711F-4157-A6FC-091A7A8A5A0B}.Debug|x64.ActiveCfg = Debug|Any CPU
		{9A12031C-711F-4157-A6FC-091A7A8A5A0B}.Debug|x64.Build.0 = Debug|Any CPU
		{9A12031C-711F-4157-A6FC-091A7A8A5A0B}.Debug|x86.ActiveCfg = Debug|Any CPU
		{9A12031C-711F-4157-A6FC-091A7A8A5A0B}.Debug|x86.Build.0 = Debug|Any CPU
		{9A12031C-711F-4157-A6FC-091A7A8A5A0B}.Release|Any CPU.ActiveCfg = Release|Any CPU
		{9A12031C-711F-4157-A6FC-091A7A8A5A0B}.Release|Any CPU.Build.0 = Release|Any CPU
		{9A12031C-711F-4157-A6FC-091A7A8A5A0B}.Release|x64.ActiveCfg = Release|Any CPU
		{9A12031C-711F-4157-A6FC-091A7A8A5A0B}.Release|x64.Build.0 = Release|Any CPU
		{9A12031C-711F-4157-A6FC-091A7A8A5A0B}.Release|x86.ActiveCfg = Release|Any CPU
		{9A12031C-711F-4157-A6FC-091A7A8A5A0B}.Release|x86.Build.0 = Release|Any CPU
		{27ED86A2-8E60-49DD-BF61-E8F15CCF77D0}.Debug|Any CPU.ActiveCfg = Debug|Any CPU
		{27ED86A2-8E60-49DD-BF61-E8F15CCF77D0}.Debug|Any CPU.Build.0 = Debug|Any CPU
		{27ED86A2-8E60-49DD-BF61-E8F15CCF77D0}.Debug|x64.ActiveCfg = Debug|Any CPU
		{27ED86A2-8E60-49DD-BF61-E8F15CCF77D0}.Debug|x64.Build.0 = Debug|Any CPU
		{27ED86A2-8E60-49DD-BF61-E8F15CCF77D0}.Debug|x86.ActiveCfg = Debug|Any CPU
		{27ED86A2-8E60-49DD-BF61-E8F15CCF77D0}.Debug|x86.Build.0 = Debug|Any CPU
		{27ED86A2-8E60-49DD-BF61-E8F15CCF77D0}.Release|Any CPU.ActiveCfg = Release|Any CPU
		{27ED86A2-8E60-49DD-BF61-E8F15CCF77D0}.Release|Any CPU.Build.0 = Release|Any CPU
		{27ED86A2-8E60-49DD-BF61-E8F15CCF77D0}.Release|x64.ActiveCfg = Release|Any CPU
		{27ED86A2-8E60-49DD-BF61-E8F15CCF77D0}.Release|x64.Build.0 = Release|Any CPU
		{27ED86A2-8E60-49DD-BF61-E8F15CCF77D0}.Release|x86.ActiveCfg = Release|Any CPU
		{27ED86A2-8E60-49DD-BF61-E8F15CCF77D0}.Release|x86.Build.0 = Release|Any CPU
		{72DD3D82-365B-415E-BF41-EC615FFD144D}.Debug|Any CPU.ActiveCfg = Debug|Any CPU
		{72DD3D82-365B-415E-BF41-EC615FFD144D}.Debug|Any CPU.Build.0 = Debug|Any CPU
		{72DD3D82-365B-415E-BF41-EC615FFD144D}.Debug|x64.ActiveCfg = Debug|Any CPU
		{72DD3D82-365B-415E-BF41-EC615FFD144D}.Debug|x64.Build.0 = Debug|Any CPU
		{72DD3D82-365B-415E-BF41-EC615FFD144D}.Debug|x86.ActiveCfg = Debug|Any CPU
		{72DD3D82-365B-415E-BF41-EC615FFD144D}.Debug|x86.Build.0 = Debug|Any CPU
		{72DD3D82-365B-415E-BF41-EC615FFD144D}.Release|Any CPU.ActiveCfg = Release|Any CPU
		{72DD3D82-365B-415E-BF41-EC615FFD144D}.Release|Any CPU.Build.0 = Release|Any CPU
		{72DD3D82-365B-415E-BF41-EC615FFD144D}.Release|x64.ActiveCfg = Release|Any CPU
		{72DD3D82-365B-415E-BF41-EC615FFD144D}.Release|x64.Build.0 = Release|Any CPU
		{72DD3D82-365B-415E-BF41-EC615FFD144D}.Release|x86.ActiveCfg = Release|Any CPU
		{72DD3D82-365B-415E-BF41-EC615FFD144D}.Release|x86.Build.0 = Release|Any CPU
	EndGlobalSection
	GlobalSection(SolutionProperties) = preSolution
		HideSolutionNode = FALSE
	EndGlobalSection
	GlobalSection(NestedProjects) = preSolution
		{9A12031C-711F-4157-A6FC-091A7A8A5A0B} = {D305DF60-0333-4E54-ADCD-82F529559B86}
		{27ED86A2-8E60-49DD-BF61-E8F15CCF77D0} = {D305DF60-0333-4E54-ADCD-82F529559B86}
		{72DD3D82-365B-415E-BF41-EC615FFD144D} = {728692F3-06D9-4664-B29D-CCADF6647C34}
	EndGlobalSection
EndGlobal
